
Microsoft Visual Studio Solution File, Format Version 12.00
# Visual Studio Version 17
VisualStudioVersion = 17.4.33205.214
MinimumVisualStudioVersion = 10.0.40219.1
Project("{FAE04EC0-301F-11D3-BF4B-00C04F79EFBC}") = "AnyFileToMP4Converter", "AnyFileToMP4Converter\AnyFileToMP4Converter.csproj", "{C8D05B01-5043-4B6D-8079-832C965B032D}"
EndProject
Global
	GlobalSection(SolutionConfigurationPlatforms) = preSolution
		Debug|Any CPU = Debug|Any CPU
		Release|Any CPU = Release|Any CPU
	EndGlobalSection
	GlobalSection(ProjectConfigurationPlatforms) = postSolution
		{C8D05B01-5043-4B6D-8079-832C965B032D}.Debug|Any CPU.ActiveCfg = Debug|Any CPU
		{C8D05B01-5043-4B6D-8079-832C965B032D}.Debug|Any CPU.Build.0 = Debug|Any CPU
		{C8D05B01-5043-4B6D-8079-832C965B032D}.Release|Any CPU.ActiveCfg = Release|Any CPU
		{C8D05B01-5043-4B6D-8079-832C965B032D}.Release|Any CPU.Build.0 = Release|Any CPU
	EndGlobalSection
	GlobalSection(SolutionProperties) = preSolution
		HideSolutionNode = FALSE
	EndGlobalSection
	GlobalSection(ExtensibilityGlobals) = postSolution
		SolutionGuid = {6AF30A6D-A11D-4AD0-B54D-10CBD5C71A77}
	EndGlobalSection
EndGlobal
